// !$*UTF8*$!
{
	archiveVersion = 1;
	classes = {
	};
	objectVersion = 51;
	objects = {

/* Begin PBXBuildFile section */
		66842878E5B7BA04C8BD76C8 /* Pods_SuperHeroMVVM.framework in Frameworks */ = {isa = PBXBuildFile; fileRef = F97E7A6D518DF1B4F8B66706 /* Pods_SuperHeroMVVM.framework */; };
		CA1E1FC9264DBD480057506A /* APIClient.swift in Sources */ = {isa = PBXBuildFile; fileRef = CA1E1FC8264DBD480057506A /* APIClient.swift */; };
		CA3F06E4264CD926009E746B /* HomeCollectionViewCell.swift in Sources */ = {isa = PBXBuildFile; fileRef = CA3F06E2264CD926009E746B /* HomeCollectionViewCell.swift */; };
		CA3F06E5264CD926009E746B /* HomeCollectionViewCell.xib in Resources */ = {isa = PBXBuildFile; fileRef = CA3F06E3264CD926009E746B /* HomeCollectionViewCell.xib */; };
		CAC4A135264C55DC001BED83 /* AppDelegate.swift in Sources */ = {isa = PBXBuildFile; fileRef = CAC4A134264C55DC001BED83 /* AppDelegate.swift */; };
		CAC4A137264C55DC001BED83 /* SceneDelegate.swift in Sources */ = {isa = PBXBuildFile; fileRef = CAC4A136264C55DC001BED83 /* SceneDelegate.swift */; };
		CAC4A13E264C55E0001BED83 /* Assets.xcassets in Resources */ = {isa = PBXBuildFile; fileRef = CAC4A13D264C55E0001BED83 /* Assets.xcassets */; };
		CAC4A141264C55E0001BED83 /* LaunchScreen.storyboard in Resources */ = {isa = PBXBuildFile; fileRef = CAC4A13F264C55E0001BED83 /* LaunchScreen.storyboard */; };
		CAC4A14F264C5666001BED83 /* List.swift in Sources */ = {isa = PBXBuildFile; fileRef = CAC4A14E264C5666001BED83 /* List.swift */; };
		CAC686E9264CCF4800FB5D98 /* HomeView.swift in Sources */ = {isa = PBXBuildFile; fileRef = CAC686E7264CCF4800FB5D98 /* HomeView.swift */; };
		CAC686EA264CCF4800FB5D98 /* HomeView.xib in Resources */ = {isa = PBXBuildFile; fileRef = CAC686E8264CCF4800FB5D98 /* HomeView.xib */; };
		CAC686ED264CCFBF00FB5D98 /* HomeRouter.swift in Sources */ = {isa = PBXBuildFile; fileRef = CAC686EC264CCFBF00FB5D98 /* HomeRouter.swift */; };
		CAC686EF264CD2EC00FB5D98 /* HomeViewModel.swift in Sources */ = {isa = PBXBuildFile; fileRef = CAC686EE264CD2EC00FB5D98 /* HomeViewModel.swift */; };
/* End PBXBuildFile section */

/* Begin PBXFileReference section */
		CA1E1FC8264DBD480057506A /* APIClient.swift */ = {isa = PBXFileReference; lastKnownFileType = sourcecode.swift; path = APIClient.swift; sourceTree = "<group>"; };
		CA3F06E2264CD926009E746B /* HomeCollectionViewCell.swift */ = {isa = PBXFileReference; lastKnownFileType = sourcecode.swift; path = HomeCollectionViewCell.swift; sourceTree = "<group>"; };
		CA3F06E3264CD926009E746B /* HomeCollectionViewCell.xib */ = {isa = PBXFileReference; lastKnownFileType = file.xib; path = HomeCollectionViewCell.xib; sourceTree = "<group>"; };
		CAC4A131264C55DC001BED83 /* SuperHeroMVVM.app */ = {isa = PBXFileReference; explicitFileType = wrapper.application; includeInIndex = 0; path = SuperHeroMVVM.app; sourceTree = BUILT_PRODUCTS_DIR; };
		CAC4A134264C55DC001BED83 /* AppDelegate.swift */ = {isa = PBXFileReference; lastKnownFileType = sourcecode.swift; path = AppDelegate.swift; sourceTree = "<group>"; };
		CAC4A136264C55DC001BED83 /* SceneDelegate.swift */ = {isa = PBXFileReference; lastKnownFileType = sourcecode.swift; path = SceneDelegate.swift; sourceTree = "<group>"; };
		CAC4A13D264C55E0001BED83 /* Assets.xcassets */ = {isa = PBXFileReference; lastKnownFileType = folder.assetcatalog; path = Assets.xcassets; sourceTree = "<group>"; };
		CAC4A140264C55E0001BED83 /* Base */ = {isa = PBXFileReference; lastKnownFileType = file.storyboard; name = Base; path = Base.lproj/LaunchScreen.storyboard; sourceTree = "<group>"; };
		CAC4A142264C55E0001BED83 /* Info.plist */ = {isa = PBXFileReference; lastKnownFileType = text.plist.xml; path = Info.plist; sourceTree = "<group>"; };
		CAC4A14E264C5666001BED83 /* List.swift */ = {isa = PBXFileReference; lastKnownFileType = sourcecode.swift; path = List.swift; sourceTree = "<group>"; };
		CAC686E7264CCF4800FB5D98 /* HomeView.swift */ = {isa = PBXFileReference; lastKnownFileType = sourcecode.swift; path = HomeView.swift; sourceTree = "<group>"; };
		CAC686E8264CCF4800FB5D98 /* HomeView.xib */ = {isa = PBXFileReference; lastKnownFileType = file.xib; path = HomeView.xib; sourceTree = "<group>"; };
		CAC686EC264CCFBF00FB5D98 /* HomeRouter.swift */ = {isa = PBXFileReference; lastKnownFileType = sourcecode.swift; path = HomeRouter.swift; sourceTree = "<group>"; };
		CAC686EE264CD2EC00FB5D98 /* HomeViewModel.swift */ = {isa = PBXFileReference; lastKnownFileType = sourcecode.swift; path = HomeViewModel.swift; sourceTree = "<group>"; };
		CF045080B21B58577B6C291C /* Pods-SuperHeroMVVM.debug.xcconfig */ = {isa = PBXFileReference; includeInIndex = 1; lastKnownFileType = text.xcconfig; name = "Pods-SuperHeroMVVM.debug.xcconfig"; path = "Target Support Files/Pods-SuperHeroMVVM/Pods-SuperHeroMVVM.debug.xcconfig"; sourceTree = "<group>"; };
		F97E7A6D518DF1B4F8B66706 /* Pods_SuperHeroMVVM.framework */ = {isa = PBXFileReference; explicitFileType = wrapper.framework; includeInIndex = 0; path = Pods_SuperHeroMVVM.framework; sourceTree = BUILT_PRODUCTS_DIR; };
		FE052A1DC9A3B9C3AA3C77A7 /* Pods-SuperHeroMVVM.release.xcconfig */ = {isa = PBXFileReference; includeInIndex = 1; lastKnownFileType = text.xcconfig; name = "Pods-SuperHeroMVVM.release.xcconfig"; path = "Target Support Files/Pods-SuperHeroMVVM/Pods-SuperHeroMVVM.release.xcconfig"; sourceTree = "<group>"; };
/* End PBXFileReference section */

/* Begin PBXFrameworksBuildPhase section */
		CAC4A12E264C55DC001BED83 /* Frameworks */ = {
			isa = PBXFrameworksBuildPhase;
			buildActionMask = 2147483647;
			files = (
				66842878E5B7BA04C8BD76C8 /* Pods_SuperHeroMVVM.framework in Frameworks */,
			);
			runOnlyForDeploymentPostprocessing = 0;
		};
/* End PBXFrameworksBuildPhase section */

/* Begin PBXGroup section */
		8F4D72E1A03903B66A118544 /* Frameworks */ = {
			isa = PBXGroup;
			children = (
				F97E7A6D518DF1B4F8B66706 /* Pods_SuperHeroMVVM.framework */,
			);
			name = Frameworks;
			sourceTree = "<group>";
		};
		CA1E1FC7264DBD1C0057506A /* Api */ = {
			isa = PBXGroup;
			children = (
				CA1E1FC8264DBD480057506A /* APIClient.swift */,
			);
			path = Api;
			sourceTree = "<group>";
		};
		CAC4A128264C55DC001BED83 = {
			isa = PBXGroup;
			children = (
				CAC4A133264C55DC001BED83 /* SuperHeroMVVM */,
				CAC4A132264C55DC001BED83 /* Products */,
				D4BC4FEBEF60A54AA90F86F3 /* Pods */,
				8F4D72E1A03903B66A118544 /* Frameworks */,
			);
			sourceTree = "<group>";
		};
		CAC4A132264C55DC001BED83 /* Products */ = {
			isa = PBXGroup;
			children = (
				CAC4A131264C55DC001BED83 /* SuperHeroMVVM.app */,
			);
			name = Products;
			sourceTree = "<group>";
		};
		CAC4A133264C55DC001BED83 /* SuperHeroMVVM */ = {
			isa = PBXGroup;
			children = (
				CAC4A134264C55DC001BED83 /* AppDelegate.swift */,
				CAC4A136264C55DC001BED83 /* SceneDelegate.swift */,
				CAC4A148264C5601001BED83 /* Home */,
				CAC4A13D264C55E0001BED83 /* Assets.xcassets */,
				CAC4A13F264C55E0001BED83 /* LaunchScreen.storyboard */,
				CAC4A142264C55E0001BED83 /* Info.plist */,
			);
			path = SuperHeroMVVM;
			sourceTree = "<group>";
		};
		CAC4A148264C5601001BED83 /* Home */ = {
			isa = PBXGroup;
			children = (
				CAC4A149264C560A001BED83 /* Model */,
				CAC4A14A264C5614001BED83 /* View */,
				CAC4A14B264C561F001BED83 /* ViewModel */,
				CAC686EB264CCFA600FB5D98 /* Router */,
				CA1E1FC7264DBD1C0057506A /* Api */,
			);
			path = Home;
			sourceTree = "<group>";
		};
		CAC4A149264C560A001BED83 /* Model */ = {
			isa = PBXGroup;
			children = (
				CAC4A14E264C5666001BED83 /* List.swift */,
			);
			path = Model;
			sourceTree = "<group>";
		};
		CAC4A14A264C5614001BED83 /* View */ = {
			isa = PBXGroup;
			children = (
				CAC686E7264CCF4800FB5D98 /* HomeView.swift */,
				CAC686E8264CCF4800FB5D98 /* HomeView.xib */,
				CA3F06E2264CD926009E746B /* HomeCollectionViewCell.swift */,
				CA3F06E3264CD926009E746B /* HomeCollectionViewCell.xib */,
			);
			path = View;
			sourceTree = "<group>";
		};
		CAC4A14B264C561F001BED83 /* ViewModel */ = {
			isa = PBXGroup;
			children = (
				CAC686EE264CD2EC00FB5D98 /* HomeViewModel.swift */,
			);
			path = ViewModel;
			sourceTree = "<group>";
		};
		CAC686EB264CCFA600FB5D98 /* Router */ = {
			isa = PBXGroup;
			children = (
				CAC686EC264CCFBF00FB5D98 /* HomeRouter.swift */,
			);
			path = Router;
			sourceTree = "<group>";
		};
		D4BC4FEBEF60A54AA90F86F3 /* Pods */ = {
			isa = PBXGroup;
			children = (
				CF045080B21B58577B6C291C /* Pods-SuperHeroMVVM.debug.xcconfig */,
				FE052A1DC9A3B9C3AA3C77A7 /* Pods-SuperHeroMVVM.release.xcconfig */,
			);
			path = Pods;
			sourceTree = "<group>";
		};
/* End PBXGroup section */

/* Begin PBXNativeTarget section */
		CAC4A130264C55DC001BED83 /* SuperHeroMVVM */ = {
			isa = PBXNativeTarget;
			buildConfigurationList = CAC4A145264C55E0001BED83 /* Build configuration list for PBXNativeTarget "SuperHeroMVVM" */;
			buildPhases = (
				AFCA8C062DE9475007CEFC60 /* [CP] Check Pods Manifest.lock */,
				CAC4A12D264C55DC001BED83 /* Sources */,
				CAC4A12E264C55DC001BED83 /* Frameworks */,
				CAC4A12F264C55DC001BED83 /* Resources */,
				03504D6EFCB0EDED17AA2A4C /* [CP] Embed Pods Frameworks */,
			);
			buildRules = (
			);
			dependencies = (
			);
			name = SuperHeroMVVM;
			productName = SuperHeroMVVM;
			productReference = CAC4A131264C55DC001BED83 /* SuperHeroMVVM.app */;
			productType = "com.apple.product-type.application";
		};
/* End PBXNativeTarget section */

/* Begin PBXProject section */
		CAC4A129264C55DC001BED83 /* Project object */ = {
			isa = PBXProject;
			attributes = {
				LastSwiftUpdateCheck = 1250;
				LastUpgradeCheck = 1250;
				TargetAttributes = {
					CAC4A130264C55DC001BED83 = {
						CreatedOnToolsVersion = 12.5;
					};
				};
			};
			buildConfigurationList = CAC4A12C264C55DC001BED83 /* Build configuration list for PBXProject "SuperHeroMVVM" */;
			compatibilityVersion = "Xcode 9.3";
			developmentRegion = en;
			hasScannedForEncodings = 0;
			knownRegions = (
				en,
				Base,
			);
			mainGroup = CAC4A128264C55DC001BED83;
			productRefGroup = CAC4A132264C55DC001BED83 /* Products */;
			projectDirPath = "";
			projectRoot = "";
			targets = (
				CAC4A130264C55DC001BED83 /* SuperHeroMVVM */,
			);
		};
/* End PBXProject section */

/* Begin PBXResourcesBuildPhase section */
		CAC4A12F264C55DC001BED83 /* Resources */ = {
			isa = PBXResourcesBuildPhase;
			buildActionMask = 2147483647;
			files = (
				CAC4A141264C55E0001BED83 /* LaunchScreen.storyboard in Resources */,
				CAC686EA264CCF4800FB5D98 /* HomeView.xib in Resources */,
				CAC4A13E264C55E0001BED83 /* Assets.xcassets in Resources */,
				CA3F06E5264CD926009E746B /* HomeCollectionViewCell.xib in Resources */,
			);
			runOnlyForDeploymentPostprocessing = 0;
		};
/* End PBXResourcesBuildPhase section */

/* Begin PBXShellScriptBuildPhase section */
		03504D6EFCB0EDED17AA2A4C /* [CP] Embed Pods Frameworks */ = {
			isa = PBXShellScriptBuildPhase;
			buildActionMask = 2147483647;
			files = (
			);
			inputFileListPaths = (
				"${PODS_ROOT}/Target Support Files/Pods-SuperHeroMVVM/Pods-SuperHeroMVVM-frameworks-${CONFIGURATION}-input-files.xcfilelist",
			);
			name = "[CP] Embed Pods Frameworks";
			outputFileListPaths = (
				"${PODS_ROOT}/Target Support Files/Pods-SuperHeroMVVM/Pods-SuperHeroMVVM-frameworks-${CONFIGURATION}-output-files.xcfilelist",
			);
			runOnlyForDeploymentPostprocessing = 0;
			shellPath = /bin/sh;
			shellScript = "\"${PODS_ROOT}/Target Support Files/Pods-SuperHeroMVVM/Pods-SuperHeroMVVM-frameworks.sh\"\n";
			showEnvVarsInLog = 0;
		};
		AFCA8C062DE9475007CEFC60 /* [CP] Check Pods Manifest.lock */ = {
			isa = PBXShellScriptBuildPhase;
			buildActionMask = 2147483647;
			files = (
			);
			inputFileListPaths = (
			);
			inputPaths = (
				"${PODS_PODFILE_DIR_PATH}/Podfile.lock",
				"${PODS_ROOT}/Manifest.lock",
			);
			name = "[CP] Check Pods Manifest.lock";
			outputFileListPaths = (
			);
			outputPaths = (
				"$(DERIVED_FILE_DIR)/Pods-SuperHeroMVVM-checkManifestLockResult.txt",
			);
			runOnlyForDeploymentPostprocessing = 0;
			shellPath = /bin/sh;
			shellScript = "diff \"${PODS_PODFILE_DIR_PATH}/Podfile.lock\" \"${PODS_ROOT}/Manifest.lock\" > /dev/null\nif [ $? != 0 ] ; then\n    # print error to STDERR\n    echo \"error: The sandbox is not in sync with the Podfile.lock. Run 'pod install' or update your CocoaPods installation.\" >&2\n    exit 1\nfi\n# This output is used by Xcode 'outputs' to avoid re-running this script phase.\necho \"SUCCESS\" > \"${SCRIPT_OUTPUT_FILE_0}\"\n";
			showEnvVarsInLog = 0;
		};
/* End PBXShellScriptBuildPhase section */

/* Begin PBXSourcesBuildPhase section */
		CAC4A12D264C55DC001BED83 /* Sources */ = {
			isa = PBXSourcesBuildPhase;
			buildActionMask = 2147483647;
			files = (
				CAC686EF264CD2EC00FB5D98 /* HomeViewModel.swift in Sources */,
				CAC686E9264CCF4800FB5D98 /* HomeView.swift in Sources */,
				CA3F06E4264CD926009E746B /* HomeCollectionViewCell.swift in Sources */,
				CA1E1FC9264DBD480057506A /* APIClient.swift in Sources */,
				CAC4A135264C55DC001BED83 /* AppDelegate.swift in Sources */,
				CAC686ED264CCFBF00FB5D98 /* HomeRouter.swift in Sources */,
				CAC4A14F264C5666001BED83 /* List.swift in Sources */,
				CAC4A137264C55DC001BED83 /* SceneDelegate.swift in Sources */,
			);
			runOnlyForDeploymentPostprocessing = 0;
		};
/* End PBXSourcesBuildPhase section */

/* Begin PBXVariantGroup section */
		CAC4A13F264C55E0001BED83 /* LaunchScreen.storyboard */ = {
			isa = PBXVariantGroup;
			children = (
				CAC4A140264C55E0001BED83 /* Base */,
			);
			name = LaunchScreen.storyboard;
			sourceTree = "<group>";
		};
/* End PBXVariantGroup section */

/* Begin XCBuildConfiguration section */
		CAC4A143264C55E0001BED83 /* Debug */ = {
			isa = XCBuildConfiguration;
			buildSettings = {
				ALWAYS_SEARCH_USER_PATHS = NO;
				CLANG_ANALYZER_NONNULL = YES;
				CLANG_ANALYZER_NUMBER_OBJECT_CONVERSION = YES_AGGRESSIVE;
				CLANG_CXX_LANGUAGE_STANDARD = "gnu++14";
				CLANG_CXX_LIBRARY = "libc++";
				CLANG_ENABLE_MODULES = YES;
				CLANG_ENABLE_OBJC_ARC = YES;
				CLANG_ENABLE_OBJC_WEAK = YES;
				CLANG_WARN_BLOCK_CAPTURE_AUTORELEASING = YES;
				CLANG_WARN_BOOL_CONVERSION = YES;
				CLANG_WARN_COMMA = YES;
				CLANG_WARN_CONSTANT_CONVERSION = YES;
				CLANG_WARN_DEPRECATED_OBJC_IMPLEMENTATIONS = YES;
				CLANG_WARN_DIRECT_OBJC_ISA_USAGE = YES_ERROR;
				CLANG_WARN_DOCUMENTATION_COMMENTS = YES;
				CLANG_WARN_EMPTY_BODY = YES;
				CLANG_WARN_ENUM_CONVERSION = YES;
				CLANG_WARN_INFINITE_RECURSION = YES;
				CLANG_WARN_INT_CONVERSION = YES;
				CLANG_WARN_NON_LITERAL_NULL_CONVERSION = YES;
				CLANG_WARN_OBJC_IMPLICIT_RETAIN_SELF = YES;
				CLANG_WARN_OBJC_LITERAL_CONVERSION = YES;
				CLANG_WARN_OBJC_ROOT_CLASS = YES_ERROR;
				CLANG_WARN_QUOTED_INCLUDE_IN_FRAMEWORK_HEADER = YES;
				CLANG_WARN_RANGE_LOOP_ANALYSIS = YES;
				CLANG_WARN_STRICT_PROTOTYPES = YES;
				CLANG_WARN_SUSPICIOUS_MOVE = YES;
				CLANG_WARN_UNGUARDED_AVAILABILITY = YES_AGGRESSIVE;
				CLANG_WARN_UNREACHABLE_CODE = YES;
				CLANG_WARN__DUPLICATE_METHOD_MATCH = YES;
				COPY_PHASE_STRIP = NO;
				DEBUG_INFORMATION_FORMAT = dwarf;
				ENABLE_STRICT_OBJC_MSGSEND = YES;
				ENABLE_TESTABILITY = YES;
				GCC_C_LANGUAGE_STANDARD = gnu11;
				GCC_DYNAMIC_NO_PIC = NO;
				GCC_NO_COMMON_BLOCKS = YES;
				GCC_OPTIMIZATION_LEVEL = 0;
				GCC_PREPROCESSOR_DEFINITIONS = (
					"DEBUG=1",
					"$(inherited)",
				);
				GCC_WARN_64_TO_32_BIT_CONVERSION = YES;
				GCC_WARN_ABOUT_RETURN_TYPE = YES_ERROR;
				GCC_WARN_UNDECLARED_SELECTOR = YES;
				GCC_WARN_UNINITIALIZED_AUTOS = YES_AGGRESSIVE;
				GCC_WARN_UNUSED_FUNCTION = YES;
				GCC_WARN_UNUSED_VARIABLE = YES;
				IPHONEOS_DEPLOYMENT_TARGET = 14.5;
				MTL_ENABLE_DEBUG_INFO = INCLUDE_SOURCE;
				MTL_FAST_MATH = YES;
				ONLY_ACTIVE_ARCH = YES;
				SDKROOT = iphoneos;
				SWIFT_ACTIVE_COMPILATION_CONDITIONS = DEBUG;
				SWIFT_OPTIMIZATION_LEVEL = "-Onone";
			};
			name = Debug;
		};
		CAC4A144264C55E0001BED83 /* Release */ = {
			isa = XCBuildConfiguration;
			buildSettings = {
				ALWAYS_SEARCH_USER_PATHS = NO;
				CLANG_ANALYZER_NONNULL = YES;
				CLANG_ANALYZER_NUMBER_OBJECT_CONVERSION = YES_AGGRESSIVE;
				CLANG_CXX_LANGUAGE_STANDARD = "gnu++14";
				CLANG_CXX_LIBRARY = "libc++";
				CLANG_ENABLE_MODULES = YES;
				CLANG_ENABLE_OBJC_ARC = YES;
				CLANG_ENABLE_OBJC_WEAK = YES;
				CLANG_WARN_BLOCK_CAPTURE_AUTORELEASING = YES;
				CLANG_WARN_BOOL_CONVERSION = YES;
				CLANG_WARN_COMMA = YES;
				CLANG_WARN_CONSTANT_CONVERSION = YES;
				CLANG_WARN_DEPRECATED_OBJC_IMPLEMENTATIONS = YES;
				CLANG_WARN_DIRECT_OBJC_ISA_USAGE = YES_ERROR;
				CLANG_WARN_DOCUMENTATION_COMMENTS = YES;
				CLANG_WARN_EMPTY_BODY = YES;
				CLANG_WARN_ENUM_CONVERSION = YES;
				CLANG_WARN_INFINITE_RECURSION = YES;
				CLANG_WARN_INT_CONVERSION = YES;
				CLANG_WARN_NON_LITERAL_NULL_CONVERSION = YES;
				CLANG_WARN_OBJC_IMPLICIT_RETAIN_SELF = YES;
				CLANG_WARN_OBJC_LITERAL_CONVERSION = YES;
				CLANG_WARN_OBJC_ROOT_CLASS = YES_ERROR;
				CLANG_WARN_QUOTED_INCLUDE_IN_FRAMEWORK_HEADER = YES;
				CLANG_WARN_RANGE_LOOP_ANALYSIS = YES;
				CLANG_WARN_STRICT_PROTOTYPES = YES;
				CLANG_WARN_SUSPICIOUS_MOVE = YES;
				CLANG_WARN_UNGUARDED_AVAILABILITY = YES_AGGRESSIVE;
				CLANG_WARN_UNREACHABLE_CODE = YES;
				CLANG_WARN__DUPLICATE_METHOD_MATCH = YES;
				COPY_PHASE_STRIP = NO;
				DEBUG_INFORMATION_FORMAT = "dwarf-with-dsym";
				ENABLE_NS_ASSERTIONS = NO;
				ENABLE_STRICT_OBJC_MSGSEND = YES;
				GCC_C_LANGUAGE_STANDARD = gnu11;
				GCC_NO_COMMON_BLOCKS = YES;
				GCC_WARN_64_TO_32_BIT_CONVERSION = YES;
				GCC_WARN_ABOUT_RETURN_TYPE = YES_ERROR;
				GCC_WARN_UNDECLARED_SELECTOR = YES;
				GCC_WARN_UNINITIALIZED_AUTOS = YES_AGGRESSIVE;
				GCC_WARN_UNUSED_FUNCTION = YES;
				GCC_WARN_UNUSED_VARIABLE = YES;
				IPHONEOS_DEPLOYMENT_TARGET = 14.5;
				MTL_ENABLE_DEBUG_INFO = NO;
				MTL_FAST_MATH = YES;
				SDKROOT = iphoneos;
				SWIFT_COMPILATION_MODE = wholemodule;
				SWIFT_OPTIMIZATION_LEVEL = "-O";
				VALIDATE_PRODUCT = YES;
			};
			name = Release;
		};
		CAC4A146264C55E0001BED83 /* Debug */ = {
			isa = XCBuildConfiguration;
			baseConfigurationReference = CF045080B21B58577B6C291C /* Pods-SuperHeroMVVM.debug.xcconfig */;
			buildSettings = {
				ASSETCATALOG_COMPILER_APPICON_NAME = AppIcon;
				ASSETCATALOG_COMPILER_GLOBAL_ACCENT_COLOR_NAME = AccentColor;
				CODE_SIGN_STYLE = Automatic;
				DEVELOPMENT_TEAM = "";
				INFOPLIST_FILE = SuperHeroMVVM/Info.plist;
				LD_RUNPATH_SEARCH_PATHS = (
					"$(inherited)",
					"@executable_path/Frameworks",
				);
				PRODUCT_BUNDLE_IDENTIFIER = com.lanacion.SuperHeroMVVM;
				PRODUCT_NAME = "$(TARGET_NAME)";
				SWIFT_VERSION = 5.0;
				TARGETED_DEVICE_FAMILY = "1,2";
			};
			name = Debug;
		};
		CAC4A147264C55E0001BED83 /* Release */ = {
			isa = XCBuildConfiguration;
			baseConfigurationReference = FE052A1DC9A3B9C3AA3C77A7 /* Pods-SuperHeroMVVM.release.xcconfig */;
			buildSettings = {
				ASSETCATALOG_COMPILER_APPICON_NAME = AppIcon;
				ASSETCATALOG_COMPILER_GLOBAL_ACCENT_COLOR_NAME = AccentColor;
				CODE_SIGN_STYLE = Automatic;
				DEVELOPMENT_TEAM = "";
				INFOPLIST_FILE = SuperHeroMVVM/Info.plist;
				LD_RUNPATH_SEARCH_PATHS = (
					"$(inherited)",
					"@executable_path/Frameworks",
				);
				PRODUCT_BUNDLE_IDENTIFIER = com.lanacion.SuperHeroMVVM;
				PRODUCT_NAME = "$(TARGET_NAME)";
				SWIFT_VERSION = 5.0;
				TARGETED_DEVICE_FAMILY = "1,2";
			};
			name = Release;
		};
/* End XCBuildConfiguration section */

/* Begin XCConfigurationList section */
		CAC4A12C264C55DC001BED83 /* Build configuration list for PBXProject "SuperHeroMVVM" */ = {
			isa = XCConfigurationList;
			buildConfigurations = (
				CAC4A143264C55E0001BED83 /* Debug */,
				CAC4A144264C55E0001BED83 /* Release */,
			);
			defaultConfigurationIsVisible = 0;
			defaultConfigurationName = Release;
		};
		CAC4A145264C55E0001BED83 /* Build configuration list for PBXNativeTarget "SuperHeroMVVM" */ = {
			isa = XCConfigurationList;
			buildConfigurations = (
				CAC4A146264C55E0001BED83 /* Debug */,
				CAC4A147264C55E0001BED83 /* Release */,
			);
			defaultConfigurationIsVisible = 0;
			defaultConfigurationName = Release;
		};
/* End XCConfigurationList section */
	};
	rootObject = CAC4A129264C55DC001BED83 /* Project object */;
}
